// !$*UTF8*$!
{
	archiveVersion = 1;
	classes = {
	};
	objectVersion = 46;
	objects = {

/* Begin PBXBuildFile section */
		9706645F1A3FE1C300FEEBF8 /* AppDelegate.swift in Sources */ = {isa = PBXBuildFile; fileRef = 9706645E1A3FE1C300FEEBF8 /* AppDelegate.swift */; };
		970664611A3FE1C300FEEBF8 /* ViewController.swift in Sources */ = {isa = PBXBuildFile; fileRef = 970664601A3FE1C300FEEBF8 /* ViewController.swift */; };
		970664641A3FE1C300FEEBF8 /* Main.storyboard in Resources */ = {isa = PBXBuildFile; fileRef = 970664621A3FE1C300FEEBF8 /* Main.storyboard */; };
		970664661A3FE1C300FEEBF8 /* Images.xcassets in Resources */ = {isa = PBXBuildFile; fileRef = 970664651A3FE1C300FEEBF8 /* Images.xcassets */; };
		970664691A3FE1C300FEEBF8 /* LaunchScreen.xib in Resources */ = {isa = PBXBuildFile; fileRef = 970664671A3FE1C300FEEBF8 /* LaunchScreen.xib */; };
		970664751A3FE1C300FEEBF8 /* FetchTests.swift in Sources */ = {isa = PBXBuildFile; fileRef = 970664741A3FE1C300FEEBF8 /* FetchTests.swift */; };
		9706647F1A3FF10900FEEBF8 /* Interstellar.jpg in Resources */ = {isa = PBXBuildFile; fileRef = 9706647E1A3FF10900FEEBF8 /* Interstellar.jpg */; };
		970664811A42802400FEEBF8 /* IMDbAPIController.swift in Sources */ = {isa = PBXBuildFile; fileRef = 970664801A42802400FEEBF8 /* IMDbAPIController.swift */; };
/* End PBXBuildFile section */

/* Begin PBXContainerItemProxy section */
		9706646F1A3FE1C300FEEBF8 /* PBXContainerItemProxy */ = {
			isa = PBXContainerItemProxy;
			containerPortal = 970664511A3FE1C300FEEBF8 /* Project object */;
			proxyType = 1;
			remoteGlobalIDString = 970664581A3FE1C300FEEBF8;
			remoteInfo = Fetch;
		};
/* End PBXContainerItemProxy section */

/* Begin PBXFileReference section */
		970664591A3FE1C300FEEBF8 /* Fetch.app */ = {isa = PBXFileReference; explicitFileType = wrapper.application; includeInIndex = 0; path = Fetch.app; sourceTree = BUILT_PRODUCTS_DIR; };
		9706645D1A3FE1C300FEEBF8 /* Info.plist */ = {isa = PBXFileReference; lastKnownFileType = text.plist.xml; path = Info.plist; sourceTree = "<group>"; };
		9706645E1A3FE1C300FEEBF8 /* AppDelegate.swift */ = {isa = PBXFileReference; lastKnownFileType = sourcecode.swift; path = AppDelegate.swift; sourceTree = "<group>"; };
		970664601A3FE1C300FEEBF8 /* ViewController.swift */ = {isa = PBXFileReference; lastKnownFileType = sourcecode.swift; path = ViewController.swift; sourceTree = "<group>"; };
		970664631A3FE1C300FEEBF8 /* Base */ = {isa = PBXFileReference; lastKnownFileType = file.storyboard; name = Base; path = Base.lproj/Main.storyboard; sourceTree = "<group>"; };
		970664651A3FE1C300FEEBF8 /* Images.xcassets */ = {isa = PBXFileReference; lastKnownFileType = folder.assetcatalog; path = Images.xcassets; sourceTree = "<group>"; };
		970664681A3FE1C300FEEBF8 /* Base */ = {isa = PBXFileReference; lastKnownFileType = file.xib; name = Base; path = Base.lproj/LaunchScreen.xib; sourceTree = "<group>"; };
		9706646E1A3FE1C300FEEBF8 /* FetchTests.xctest */ = {isa = PBXFileReference; explicitFileType = wrapper.cfbundle; includeInIndex = 0; path = FetchTests.xctest; sourceTree = BUILT_PRODUCTS_DIR; };
		970664731A3FE1C300FEEBF8 /* Info.plist */ = {isa = PBXFileReference; lastKnownFileType = text.plist.xml; path = Info.plist; sourceTree = "<group>"; };
		970664741A3FE1C300FEEBF8 /* FetchTests.swift */ = {isa = PBXFileReference; lastKnownFileType = sourcecode.swift; path = FetchTests.swift; sourceTree = "<group>"; };
		9706647E1A3FF10900FEEBF8 /* Interstellar.jpg */ = {isa = PBXFileReference; lastKnownFileType = image.jpeg; path = Interstellar.jpg; sourceTree = "<group>"; };
		970664801A42802400FEEBF8 /* IMDbAPIController.swift */ = {isa = PBXFileReference; fileEncoding = 4; lastKnownFileType = sourcecode.swift; path = IMDbAPIController.swift; sourceTree = "<group>"; };
/* End PBXFileReference section */

/* Begin PBXFrameworksBuildPhase section */
		970664561A3FE1C300FEEBF8 /* Frameworks */ = {
			isa = PBXFrameworksBuildPhase;
			buildActionMask = 2147483647;
			files = (
			);
			runOnlyForDeploymentPostprocessing = 0;
		};
		9706646B1A3FE1C300FEEBF8 /* Frameworks */ = {
			isa = PBXFrameworksBuildPhase;
			buildActionMask = 2147483647;
			files = (
			);
			runOnlyForDeploymentPostprocessing = 0;
		};
/* End PBXFrameworksBuildPhase section */

/* Begin PBXGroup section */
		970664501A3FE1C300FEEBF8 = {
			isa = PBXGroup;
			children = (
				9706645B1A3FE1C300FEEBF8 /* Fetch */,
				970664711A3FE1C300FEEBF8 /* FetchTests */,
				9706645A1A3FE1C300FEEBF8 /* Products */,
			);
			sourceTree = "<group>";
		};
		9706645A1A3FE1C300FEEBF8 /* Products */ = {
			isa = PBXGroup;
			children = (
				970664591A3FE1C300FEEBF8 /* Fetch.app */,
				9706646E1A3FE1C300FEEBF8 /* FetchTests.xctest */,
			);
			name = Products;
			sourceTree = "<group>";
		};
		9706645B1A3FE1C300FEEBF8 /* Fetch */ = {
			isa = PBXGroup;
			children = (
				9706645E1A3FE1C300FEEBF8 /* AppDelegate.swift */,
				970664601A3FE1C300FEEBF8 /* ViewController.swift */,
				970664801A42802400FEEBF8 /* IMDbAPIController.swift */,
				970664621A3FE1C300FEEBF8 /* Main.storyboard */,
				970664651A3FE1C300FEEBF8 /* Images.xcassets */,
				970664671A3FE1C300FEEBF8 /* LaunchScreen.xib */,
				9706645C1A3FE1C300FEEBF8 /* Supporting Files */,
			);
			path = Fetch;
			sourceTree = "<group>";
		};
		9706645C1A3FE1C300FEEBF8 /* Supporting Files */ = {
			isa = PBXGroup;
			children = (
				9706647E1A3FF10900FEEBF8 /* Interstellar.jpg */,
				9706645D1A3FE1C300FEEBF8 /* Info.plist */,
			);
			name = "Supporting Files";
			sourceTree = "<group>";
		};
		970664711A3FE1C300FEEBF8 /* FetchTests */ = {
			isa = PBXGroup;
			children = (
				970664741A3FE1C300FEEBF8 /* FetchTests.swift */,
				970664721A3FE1C300FEEBF8 /* Supporting Files */,
			);
			path = FetchTests;
			sourceTree = "<group>";
		};
		970664721A3FE1C300FEEBF8 /* Supporting Files */ = {
			isa = PBXGroup;
			children = (
				970664731A3FE1C300FEEBF8 /* Info.plist */,
			);
			name = "Supporting Files";
			sourceTree = "<group>";
		};
/* End PBXGroup section */

/* Begin PBXNativeTarget section */
		970664581A3FE1C300FEEBF8 /* Fetch */ = {
			isa = PBXNativeTarget;
			buildConfigurationList = 970664781A3FE1C300FEEBF8 /* Build configuration list for PBXNativeTarget "Fetch" */;
			buildPhases = (
				970664551A3FE1C300FEEBF8 /* Sources */,
				970664561A3FE1C300FEEBF8 /* Frameworks */,
				970664571A3FE1C300FEEBF8 /* Resources */,
			);
			buildRules = (
			);
			dependencies = (
			);
			name = Fetch;
			productName = Fetch;
			productReference = 970664591A3FE1C300FEEBF8 /* Fetch.app */;
			productType = "com.apple.product-type.application";
		};
		9706646D1A3FE1C300FEEBF8 /* FetchTests */ = {
			isa = PBXNativeTarget;
			buildConfigurationList = 9706647B1A3FE1C300FEEBF8 /* Build configuration list for PBXNativeTarget "FetchTests" */;
			buildPhases = (
				9706646A1A3FE1C300FEEBF8 /* Sources */,
				9706646B1A3FE1C300FEEBF8 /* Frameworks */,
				9706646C1A3FE1C300FEEBF8 /* Resources */,
			);
			buildRules = (
			);
			dependencies = (
				970664701A3FE1C300FEEBF8 /* PBXTargetDependency */,
			);
			name = FetchTests;
			productName = FetchTests;
			productReference = 9706646E1A3FE1C300FEEBF8 /* FetchTests.xctest */;
			productType = "com.apple.product-type.bundle.unit-test";
		};
/* End PBXNativeTarget section */

/* Begin PBXProject section */
		970664511A3FE1C300FEEBF8 /* Project object */ = {
			isa = PBXProject;
			attributes = {
				LastUpgradeCheck = 0610;
				ORGANIZATIONNAME = "Kanishka Goel";
				TargetAttributes = {
					970664581A3FE1C300FEEBF8 = {
						CreatedOnToolsVersion = 6.1.1;
					};
					9706646D1A3FE1C300FEEBF8 = {
						CreatedOnToolsVersion = 6.1.1;
						TestTargetID = 970664581A3FE1C300FEEBF8;
					};
				};
			};
			buildConfigurationList = 970664541A3FE1C300FEEBF8 /* Build configuration list for PBXProject "Fetch" */;
			compatibilityVersion = "Xcode 3.2";
			developmentRegion = English;
			hasScannedForEncodings = 0;
			knownRegions = (
				en,
				Base,
			);
			mainGroup = 970664501A3FE1C300FEEBF8;
			productRefGroup = 9706645A1A3FE1C300FEEBF8 /* Products */;
			projectDirPath = "";
			projectRoot = "";
			targets = (
				970664581A3FE1C300FEEBF8 /* Fetch */,
				9706646D1A3FE1C300FEEBF8 /* FetchTests */,
			);
		};
/* End PBXProject section */

/* Begin PBXResourcesBuildPhase section */
		970664571A3FE1C300FEEBF8 /* Resources */ = {
			isa = PBXResourcesBuildPhase;
			buildActionMask = 2147483647;
			files = (
				970664641A3FE1C300FEEBF8 /* Main.storyboard in Resources */,
				970664691A3FE1C300FEEBF8 /* LaunchScreen.xib in Resources */,
				970664661A3FE1C300FEEBF8 /* Images.xcassets in Resources */,
				9706647F1A3FF10900FEEBF8 /* Interstellar.jpg in Resources */,
			);
			runOnlyForDeploymentPostprocessing = 0;
		};
		9706646C1A3FE1C300FEEBF8 /* Resources */ = {
			isa = PBXResourcesBuildPhase;
			buildActionMask = 2147483647;
			files = (
			);
			runOnlyForDeploymentPostprocessing = 0;
		};
/* End PBXResourcesBuildPhase section */

/* Begin PBXSourcesBuildPhase section */
		970664551A3FE1C300FEEBF8 /* Sources */ = {
			isa = PBXSourcesBuildPhase;
			buildActionMask = 2147483647;
			files = (
				970664811A42802400FEEBF8 /* IMDbAPIController.swift in Sources */,
				970664611A3FE1C300FEEBF8 /* ViewController.swift in Sources */,
				9706645F1A3FE1C300FEEBF8 /* AppDelegate.swift in Sources */,
			);
			runOnlyForDeploymentPostprocessing = 0;
		};
		9706646A1A3FE1C300FEEBF8 /* Sources */ = {
			isa = PBXSourcesBuildPhase;
			buildActionMask = 2147483647;
			files = (
				970664751A3FE1C300FEEBF8 /* FetchTests.swift in Sources */,
			);
			runOnlyForDeploymentPostprocessing = 0;
		};
/* End PBXSourcesBuildPhase section */

/* Begin PBXTargetDependency section */
		970664701A3FE1C300FEEBF8 /* PBXTargetDependency */ = {
			isa = PBXTargetDependency;
			target = 970664581A3FE1C300FEEBF8 /* Fetch */;
			targetProxy = 9706646F1A3FE1C300FEEBF8 /* PBXContainerItemProxy */;
		};
/* End PBXTargetDependency section */

/* Begin PBXVariantGroup section */
		970664621A3FE1C300FEEBF8 /* Main.storyboard */ = {
			isa = PBXVariantGroup;
			children = (
				970664631A3FE1C300FEEBF8 /* Base */,
			);
			name = Main.storyboard;
			sourceTree = "<group>";
		};
		970664671A3FE1C300FEEBF8 /* LaunchScreen.xib */ = {
			isa = PBXVariantGroup;
			children = (
				970664681A3FE1C300FEEBF8 /* Base */,
			);
			name = LaunchScreen.xib;
			sourceTree = "<group>";
		};
/* End PBXVariantGroup section */

/* Begin XCBuildConfiguration section */
		970664761A3FE1C300FEEBF8 /* Debug */ = {
			isa = XCBuildConfiguration;
			buildSettings = {
				ALWAYS_SEARCH_USER_PATHS = NO;
				CLANG_CXX_LANGUAGE_STANDARD = "gnu++0x";
				CLANG_CXX_LIBRARY = "libc++";
				CLANG_ENABLE_MODULES = YES;
				CLANG_ENABLE_OBJC_ARC = YES;
				CLANG_WARN_BOOL_CONVERSION = YES;
				CLANG_WARN_CONSTANT_CONVERSION = YES;
				CLANG_WARN_DIRECT_OBJC_ISA_USAGE = YES_ERROR;
				CLANG_WARN_EMPTY_BODY = YES;
				CLANG_WARN_ENUM_CONVERSION = YES;
				CLANG_WARN_INT_CONVERSION = YES;
				CLANG_WARN_OBJC_ROOT_CLASS = YES_ERROR;
				CLANG_WARN_UNREACHABLE_CODE = YES;
				CLANG_WARN__DUPLICATE_METHOD_MATCH = YES;
				"CODE_SIGN_IDENTITY[sdk=iphoneos*]" = "iPhone Developer";
				COPY_PHASE_STRIP = NO;
				ENABLE_STRICT_OBJC_MSGSEND = YES;
				GCC_C_LANGUAGE_STANDARD = gnu99;
				GCC_DYNAMIC_NO_PIC = NO;
				GCC_OPTIMIZATION_LEVEL = 0;
				GCC_PREPROCESSOR_DEFINITIONS = (
					"DEBUG=1",
					"$(inherited)",
				);
				GCC_SYMBOLS_PRIVATE_EXTERN = NO;
				GCC_WARN_64_TO_32_BIT_CONVERSION = YES;
				GCC_WARN_ABOUT_RETURN_TYPE = YES_ERROR;
				GCC_WARN_UNDECLARED_SELECTOR = YES;
				GCC_WARN_UNINITIALIZED_AUTOS = YES_AGGRESSIVE;
				GCC_WARN_UNUSED_FUNCTION = YES;
				GCC_WARN_UNUSED_VARIABLE = YES;
				IPHONEOS_DEPLOYMENT_TARGET = 8.1;
				MTL_ENABLE_DEBUG_INFO = YES;
				ONLY_ACTIVE_ARCH = YES;
				SDKROOT = iphoneos;
				SWIFT_OPTIMIZATION_LEVEL = "-Onone";
			};
			name = Debug;
		};
		970664771A3FE1C300FEEBF8 /* Release */ = {
			isa = XCBuildConfiguration;
			buildSettings = {
				ALWAYS_SEARCH_USER_PATHS = NO;
				CLANG_CXX_LANGUAGE_STANDARD = "gnu++0x";
				CLANG_CXX_LIBRARY = "libc++";
				CLANG_ENABLE_MODULES = YES;
				CLANG_ENABLE_OBJC_ARC = YES;
				CLANG_WARN_BOOL_CONVERSION = YES;
				CLANG_WARN_CONSTANT_CONVERSION = YES;
				CLANG_WARN_DIRECT_OBJC_ISA_USAGE = YES_ERROR;
				CLANG_WARN_EMPTY_BODY = YES;
				CLANG_WARN_ENUM_CONVERSION = YES;
				CLANG_WARN_INT_CONVERSION = YES;
				CLANG_WARN_OBJC_ROOT_CLASS = YES_ERROR;
				CLANG_WARN_UNREACHABLE_CODE = YES;
				CLANG_WARN__DUPLICATE_METHOD_MATCH = YES;
				"CODE_SIGN_IDENTITY[sdk=iphoneos*]" = "iPhone Developer";
				COPY_PHASE_STRIP = YES;
				ENABLE_NS_ASSERTIONS = NO;
				ENABLE_STRICT_OBJC_MSGSEND = YES;
				GCC_C_LANGUAGE_STANDARD = gnu99;
				GCC_WARN_64_TO_32_BIT_CONVERSION = YES;
				GCC_WARN_ABOUT_RETURN_TYPE = YES_ERROR;
				GCC_WARN_UNDECLARED_SELECTOR = YES;
				GCC_WARN_UNINITIALIZED_AUTOS = YES_AGGRESSIVE;
				GCC_WARN_UNUSED_FUNCTION = YES;
				GCC_WARN_UNUSED_VARIABLE = YES;
				IPHONEOS_DEPLOYMENT_TARGET = 8.1;
				MTL_ENABLE_DEBUG_INFO = NO;
				SDKROOT = iphoneos;
				VALIDATE_PRODUCT = YES;
			};
			name = Release;
		};
		970664791A3FE1C300FEEBF8 /* Debug */ = {
			isa = XCBuildConfiguration;
			buildSettings = {
				ASSETCATALOG_COMPILER_APPICON_NAME = AppIcon;
				INFOPLIST_FILE = Fetch/Info.plist;
				LD_RUNPATH_SEARCH_PATHS = "$(inherited) @executable_path/Frameworks";
				PRODUCT_NAME = "$(TARGET_NAME)";
			};
			name = Debug;
		};
		9706647A1A3FE1C300FEEBF8 /* Release */ = {
			isa = XCBuildConfiguration;
			buildSettings = {
				ASSETCATALOG_COMPILER_APPICON_NAME = AppIcon;
				INFOPLIST_FILE = Fetch/Info.plist;
				LD_RUNPATH_SEARCH_PATHS = "$(inherited) @executable_path/Frameworks";
				PRODUCT_NAME = "$(TARGET_NAME)";
			};
			name = Release;
		};
		9706647C1A3FE1C300FEEBF8 /* Debug */ = {
			isa = XCBuildConfiguration;
			buildSettings = {
				BUNDLE_LOADER = "$(TEST_HOST)";
				FRAMEWORK_SEARCH_PATHS = (
					"$(SDKROOT)/Developer/Library/Frameworks",
					"$(inherited)",
				);
				GCC_PREPROCESSOR_DEFINITIONS = (
					"DEBUG=1",
					"$(inherited)",
				);
				INFOPLIST_FILE = FetchTests/Info.plist;
				LD_RUNPATH_SEARCH_PATHS = "$(inherited) @executable_path/Frameworks @loader_path/Frameworks";
				PRODUCT_NAME = "$(TARGET_NAME)";
				TEST_HOST = "$(BUILT_PRODUCTS_DIR)/Fetch.app/Fetch";
			};
			name = Debug;
		};
		9706647D1A3FE1C300FEEBF8 /* Release */ = {
			isa = XCBuildConfiguration;
			buildSettings = {
				BUNDLE_LOADER = "$(TEST_HOST)";
				FRAMEWORK_SEARCH_PATHS = (
					"$(SDKROOT)/Developer/Library/Frameworks",
					"$(inherited)",
				);
				INFOPLIST_FILE = FetchTests/Info.plist;
				LD_RUNPATH_SEARCH_PATHS = "$(inherited) @executable_path/Frameworks @loader_path/Frameworks";
				PRODUCT_NAME = "$(TARGET_NAME)";
				TEST_HOST = "$(BUILT_PRODUCTS_DIR)/Fetch.app/Fetch";
			};
			name = Release;
		};
/* End XCBuildConfiguration section */

/* Begin XCConfigurationList section */
		970664541A3FE1C300FEEBF8 /* Build configuration list for PBXProject "Fetch" */ = {
			isa = XCConfigurationList;
			buildConfigurations = (
				970664761A3FE1C300FEEBF8 /* Debug */,
				970664771A3FE1C300FEEBF8 /* Release */,
			);
			defaultConfigurationIsVisible = 0;
			defaultConfigurationName = Release;
		};
		970664781A3FE1C300FEEBF8 /* Build configuration list for PBXNativeTarget "Fetch" */ = {
			isa = XCConfigurationList;
			buildConfigurations = (
				970664791A3FE1C300FEEBF8 /* Debug */,
				9706647A1A3FE1C300FEEBF8 /* Release */,
			);
			defaultConfigurationIsVisible = 0;
		};
		9706647B1A3FE1C300FEEBF8 /* Build configuration list for PBXNativeTarget "FetchTests" */ = {
			isa = XCConfigurationList;
			buildConfigurations = (
				9706647C1A3FE1C300FEEBF8 /* Debug */,
				9706647D1A3FE1C300FEEBF8 /* Release */,
			);
			defaultConfigurationIsVisible = 0;
		};
/* End XCConfigurationList section */
	};
	rootObject = 970664511A3FE1C300FEEBF8 /* Project object */;
}
